name: Terraform Unlock

on:
  workflow_dispatch:

jobs:
  unlock:
    runs-on: ubuntu-latest

    env:
      TF_VAR_cloudflare_api_token: ${{ secrets.CLOUDFLARE_API_TOKEN }}

    steps:
      - uses: actions/checkout@v4

      - name: Setup Terraform
        uses: hashicorp/setup-terraform@v3
        with:
          terraform_version: 1.14.3

      - name: Terraform Cloud auth
        run: |
          mkdir -p ~/.terraform.d
          cat > ~/.terraform.d/credentials.tfrc.json <<EOF
          {
            "credentials": {
              "app.terraform.io": {
                "token": "${{ secrets.TF_API_TOKEN }}"
              }
            }
          }
          EOF

      - name: Terraform Init
        run: terraform init

      - name: Force unlock
        run: terraform force-unlock -force pranav-personal/vps
